{
    "_meta": {
        "hash": {
            "sha256": "81627e38449281c73798a3db876fbf2b4df8e999dc744054a9ad43dd976cef66"
        },
        "pipfile-spec": 6,
        "requires": {
            "python_version": "3.7"
        },
        "sources": [
            {
                "name": "pypi",
                "url": "https://pypi.org/simple",
                "verify_ssl": true
            }
        ]
    },
    "default": {
        "apscheduler": {
            "hashes": [
                "sha256:3bb5229eed6fbbdafc13ce962712ae66e175aa214c69bed35a06bffcf0c5e244",
                "sha256:e8b1ecdb4c7cb2818913f766d5898183c7cb8936680710a4d3a966e02262e526"
            ],
            "version": "==3.6.3"
        },
        "asgiref": {
            "hashes": [
                "sha256:7e06d934a7718bf3975acbf87780ba678957b87c7adc056f13b6215d610695a0",
                "sha256:ea448f92fc35a0ef4b1508f53a04c4670255a3f33d22a81c8fc9c872036adbe5"
            ],
            "version": "==3.2.3"
        },
        "boto": {
            "hashes": [
                "sha256:147758d41ae7240dc989f0039f27da8ca0d53734be0eb869ef16e3adcfa462e8",
                "sha256:ea0d3b40a2d852767be77ca343b58a9e3a4b00d9db440efb8da74b4e58025e5a"
            ],
            "version": "==2.49.0"
        },
        "boto3": {
            "hashes": [
                "sha256:05f7ae180813fbf11cb7397b43b6bd29463abdc246bee58127836f1a8f6a9a2f",
                "sha256:3480c87b530e7f41d9264a6725dda68208de2697822cf02cd3a541b001872410"
            ],
            "version": "==1.11.9"
        },
        "botocore": {
            "hashes": [
                "sha256:1909424c9544f92142c8e551888731e32a99f9c99cfe8d21fea3ec0c32981dae",
                "sha256:e3e3c0f59dc30c86dd2116aece3bd554f8476446cf1c5770bbf5111993d676c8"
            ],
            "version": "==1.14.9"
        },
        "certifi": {
            "hashes": [
                "sha256:017c25db2a153ce562900032d5bc68e9f191e44e9a0f762f373977de9df1fbb3",
                "sha256:25b64c7da4cd7479594d035c08c2d809eb4aab3a26e5a990ea98cc450c320f1f"
            ],
            "version": "==2019.11.28"
        },
        "chardet": {
            "hashes": [
                "sha256:84ab92ed1c4d4f16916e05906b6b75a6c0fb5db821cc65e70cbd64a3e2a5eaae",
                "sha256:fc323ffcaeaed0e0a02bf4d117757b98aed530d9ed4531e3e15460124c106691"
            ],
            "version": "==3.0.4"
        },
        "dj-database-url": {
            "hashes": [
                "sha256:4aeaeb1f573c74835b0686a2b46b85990571159ffc21aa57ecd4d1e1cb334163",
                "sha256:851785365761ebe4994a921b433062309eb882fedd318e1b0fcecc607ed02da9"
            ],
            "index": "pypi",
            "version": "==0.5.0"
        },
        "django": {
            "hashes": [
                "sha256:4f2c913303be4f874015993420bf0bd8fd2097a9c88e6b49c6a92f9bdd3fb13a",
                "sha256:8c3575f81e11390893860d97e1e0154c47512f180ea55bd84ce8fa69ba8051ca"
            ],
            "index": "pypi",
            "version": "==3.0.2"
        },
        "django-apscheduler": {
            "hashes": [
                "sha256:a2530736793064c54b3d5a62fc3844cdc4b0535d8988cd9248375c71441d2152"
            ],
            "index": "pypi",
            "version": "==0.3.0"
        },
        "django-composite-foreignkey": {
            "hashes": [
                "sha256:572b0ec22aa3ac15e751d1d2b8acadba372503e8a17d829303af289bd013f41c"
            ],
            "index": "pypi",
            "version": "==1.1.0"
        },
        "django-localflavor": {
            "hashes": [
                "sha256:628f382ac0b8ce401d4ba684031abd2548c24782df9fb0d5c7ad44c35a2bb095",
                "sha256:7a4fa03651e609c30f720e35fb9442cddefa1975646cf9d6765a2ba1ed139961"
            ],
            "index": "pypi",
            "version": "==2.2"
        },
        "django-widget-tweaks": {
            "hashes": [
                "sha256:65c960f3d75008a285e4b10f4d21f9eae4160fd77a0f6097ad545185f8648bd6",
                "sha256:f2e2c9c9be1ccc59061e248dcc2144f4906d594abe1a563902f4bdf6aa14e432"
            ],
            "index": "pypi",
            "version": "==1.4.5"
        },
        "docutils": {
            "hashes": [
                "sha256:6c4f696463b79f1fb8ba0c594b63840ebd41f059e92b31957c46b74a4599b6d0",
                "sha256:9e4d7ecfc600058e07ba661411a2b7de2fd0fafa17d1a7f7361cd47b1175c827",
                "sha256:a2aeea129088da402665e92e0b25b04b073c04b2dce4ab65caaa38b7ce2e1a99"
            ],
            "version": "==0.15.2"
        },
        "fontawesome-free": {
            "hashes": [
                "sha256:09e6c7702614ea016049f2977ae67f0c32aaa767ffa2248ee84c55b5d030bf35"
            ],
            "index": "pypi",
            "version": "==5.12.0.0.0.0.0"
        },
        "fsspec": {
            "hashes": [
                "sha256:00ca67c62ae642f3bded2100dd431d151c1c5965c410bf10b12480bc8eb0a9f6",
                "sha256:ffd7cd5ac32f36698097c3d78c2c433d4c12f7e4bce3a3a4036fd3491188046d"
            ],
            "version": "==0.6.2"
        },
        "gevent": {
            "hashes": [
                "sha256:0774babec518a24d9a7231d4e689931f31b332c4517a771e532002614e270a64",
                "sha256:0e1e5b73a445fe82d40907322e1e0eec6a6745ca3cea19291c6f9f50117bb7ea",
                "sha256:0ff2b70e8e338cf13bedf146b8c29d475e2a544b5d1fe14045aee827c073842c",
                "sha256:107f4232db2172f7e8429ed7779c10f2ed16616d75ffbe77e0e0c3fcdeb51a51",
                "sha256:14b4d06d19d39a440e72253f77067d27209c67e7611e352f79fe69e0f618f76e",
                "sha256:1b7d3a285978b27b469c0ff5fb5a72bcd69f4306dbbf22d7997d83209a8ba917",
                "sha256:1eb7fa3b9bd9174dfe9c3b59b7a09b768ecd496debfc4976a9530a3e15c990d1",
                "sha256:2711e69788ddb34c059a30186e05c55a6b611cb9e34ac343e69cf3264d42fe1c",
                "sha256:28a0c5417b464562ab9842dd1fb0cc1524e60494641d973206ec24d6ec5f6909",
                "sha256:3249011d13d0c63bea72d91cec23a9cf18c25f91d1f115121e5c9113d753fa12",
                "sha256:44089ed06a962a3a70e96353c981d628b2d4a2f2a75ea5d90f916a62d22af2e8",
                "sha256:4bfa291e3c931ff3c99a349d8857605dca029de61d74c6bb82bd46373959c942",
                "sha256:50024a1ee2cf04645535c5ebaeaa0a60c5ef32e262da981f4be0546b26791950",
                "sha256:53b72385857e04e7faca13c613c07cab411480822ac658d97fd8a4ddbaf715c8",
                "sha256:74b7528f901f39c39cdbb50cdf08f1a2351725d9aebaef212a29abfbb06895ee",
                "sha256:7d0809e2991c9784eceeadef01c27ee6a33ca09ebba6154317a257353e3af922",
                "sha256:896b2b80931d6b13b5d9feba3d4eebc67d5e6ec54f0cf3339d08487d55d93b0e",
                "sha256:8d9ec51cc06580f8c21b41fd3f2b3465197ba5b23c00eb7d422b7ae0380510b0",
                "sha256:9f7a1e96fec45f70ad364e46de32ccacab4d80de238bd3c2edd036867ccd48ad",
                "sha256:ab4dc33ef0e26dc627559786a4fba0c2227f125db85d970abbf85b77506b3f51",
                "sha256:d1e6d1f156e999edab069d79d890859806b555ce4e4da5b6418616322f0a3df1",
                "sha256:d752bcf1b98174780e2317ada12013d612f05116456133a6acf3e17d43b71f05",
                "sha256:e5bcc4270671936349249d26140c267397b7b4b1381f5ec8b13c53c5b53ab6e1"
            ],
            "version": "==1.4.0"
        },
        "greenlet": {
            "hashes": [
                "sha256:000546ad01e6389e98626c1367be58efa613fa82a1be98b0c6fc24b563acc6d0",
                "sha256:0d48200bc50cbf498716712129eef819b1729339e34c3ae71656964dac907c28",
                "sha256:23d12eacffa9d0f290c0fe0c4e81ba6d5f3a5b7ac3c30a5eaf0126bf4deda5c8",
                "sha256:37c9ba82bd82eb6a23c2e5acc03055c0e45697253b2393c9a50cef76a3985304",
                "sha256:51503524dd6f152ab4ad1fbd168fc6c30b5795e8c70be4410a64940b3abb55c0",
                "sha256:8041e2de00e745c0e05a502d6e6db310db7faa7c979b3a5877123548a4c0b214",
                "sha256:81fcd96a275209ef117e9ec91f75c731fa18dcfd9ffaa1c0adbdaa3616a86043",
                "sha256:853da4f9563d982e4121fed8c92eea1a4594a2299037b3034c3c898cb8e933d6",
                "sha256:8b4572c334593d449113f9dc8d19b93b7b271bdbe90ba7509eb178923327b625",
                "sha256:9416443e219356e3c31f1f918a91badf2e37acf297e2fa13d24d1cc2380f8fbc",
                "sha256:9854f612e1b59ec66804931df5add3b2d5ef0067748ea29dc60f0efdcda9a638",
                "sha256:99a26afdb82ea83a265137a398f570402aa1f2b5dfb4ac3300c026931817b163",
                "sha256:a19bf883b3384957e4a4a13e6bd1ae3d85ae87f4beb5957e35b0be287f12f4e4",
                "sha256:a9f145660588187ff835c55a7d2ddf6abfc570c2651c276d3d4be8a2766db490",
                "sha256:ac57fcdcfb0b73bb3203b58a14501abb7e5ff9ea5e2edfa06bb03035f0cff248",
                "sha256:bcb530089ff24f6458a81ac3fa699e8c00194208a724b644ecc68422e1111939",
                "sha256:beeabe25c3b704f7d56b573f7d2ff88fc99f0138e43480cecdfcaa3b87fe4f87",
                "sha256:d634a7ea1fc3380ff96f9e44d8d22f38418c1c381d5fac680b272d7d90883720",
                "sha256:d97b0661e1aead761f0ded3b769044bb00ed5d33e1ec865e891a8b128bf7c656"
            ],
            "markers": "platform_python_implementation == 'CPython'",
            "version": "==0.4.15"
        },
        "gunicorn": {
            "extras": [
                "gevent"
            ],
            "hashes": [
                "sha256:1904bb2b8a43658807108d59c3f3d56c2b6121a701161de0ddf9ad140073c626",
                "sha256:cd4a810dd51bf497552cf3f863b575dabd73d6ad6a91075b65936b151cbf4f9c"
            ],
            "index": "pypi",
            "version": "==20.0.4"
        },
        "idna": {
            "hashes": [
                "sha256:c357b3f628cf53ae2c4c05627ecc484553142ca23264e593d327bcde5e9c3407",
                "sha256:ea8b7f6188e6fa117537c3df7da9fc686d485087abf6ac197f9c46432f7e4a3c"
            ],
            "version": "==2.8"
        },
        "jmespath": {
            "hashes": [
                "sha256:3720a4b1bd659dd2eecad0666459b9788813e032b83e7ba58578e48254e0a0e6",
                "sha256:bde2aef6f44302dfb30320115b17d030798de8c4110e28d5cf6cf91a7a31074c"
            ],
            "version": "==0.9.4"
        },
        "numpy": {
            "hashes": [
                "sha256:1786a08236f2c92ae0e70423c45e1e62788ed33028f94ca99c4df03f5be6b3c6",
                "sha256:17aa7a81fe7599a10f2b7d95856dc5cf84a4eefa45bc96123cbbc3ebc568994e",
                "sha256:20b26aaa5b3da029942cdcce719b363dbe58696ad182aff0e5dcb1687ec946dc",
                "sha256:2d75908ab3ced4223ccba595b48e538afa5ecc37405923d1fea6906d7c3a50bc",
                "sha256:39d2c685af15d3ce682c99ce5925cc66efc824652e10990d2462dfe9b8918c6a",
                "sha256:56bc8ded6fcd9adea90f65377438f9fea8c05fcf7c5ba766bef258d0da1554aa",
                "sha256:590355aeade1a2eaba17617c19edccb7db8d78760175256e3cf94590a1a964f3",
                "sha256:70a840a26f4e61defa7bdf811d7498a284ced303dfbc35acb7be12a39b2aa121",
                "sha256:77c3bfe65d8560487052ad55c6998a04b654c2fbc36d546aef2b2e511e760971",
                "sha256:9537eecf179f566fd1c160a2e912ca0b8e02d773af0a7a1120ad4f7507cd0d26",
                "sha256:9acdf933c1fd263c513a2df3dceecea6f3ff4419d80bf238510976bf9bcb26cd",
                "sha256:ae0975f42ab1f28364dcda3dde3cf6c1ddab3e1d4b2909da0cb0191fa9ca0480",
                "sha256:b3af02ecc999c8003e538e60c89a2b37646b39b688d4e44d7373e11c2debabec",
                "sha256:b6ff59cee96b454516e47e7721098e6ceebef435e3e21ac2d6c3b8b02628eb77",
                "sha256:b765ed3930b92812aa698a455847141869ef755a87e099fddd4ccf9d81fffb57",
                "sha256:c98c5ffd7d41611407a1103ae11c8b634ad6a43606eca3e2a5a269e5d6e8eb07",
                "sha256:cf7eb6b1025d3e169989416b1adcd676624c2dbed9e3bcb7137f51bfc8cc2572",
                "sha256:d92350c22b150c1cae7ebb0ee8b5670cc84848f6359cf6b5d8f86617098a9b73",
                "sha256:e422c3152921cece8b6a2fb6b0b4d73b6579bd20ae075e7d15143e711f3ca2ca",
                "sha256:e840f552a509e3380b0f0ec977e8124d0dc34dc0e68289ca28f4d7c1d0d79474",
                "sha256:f3d0a94ad151870978fb93538e95411c83899c9dc63e6fb65542f769568ecfa5"
            ],
            "version": "==1.18.1"
        },
        "pandas": {
            "hashes": [
                "sha256:18bbce2e69855d42397486ee0bb79cb0e4c94af6679fd9392e32ffdb7fcfade0",
                "sha256:35d07389efaf3c478d93725a226941c7fc14714814ba77d6d43b2c9e63ef4af5",
                "sha256:3ea6cc86931f57f18b1240572216f09922d91b19ab8a01cf24734394a3db3bec",
                "sha256:46b0a146e4ba744e350847244767ef297950e9ce02424734b2dd0befd77d9aff",
                "sha256:66c1a49b47c0953dbc6864a6d2578c4c24610f6bb8e4ab165d49b8371aa7745f",
                "sha256:6d5c2d2a3e42100700bac7fe762c17ba0a04d0355feac04bce74a1aa6c8be164",
                "sha256:ab1aa2c50b7c6ba0eccebb146b4d80ed7f5804897b8d54ccddbe49f28c881a94",
                "sha256:ae1ec10e34d22b0f699e38f346381630cae89d5050a2a61315a2be09e3435f99",
                "sha256:b578df33338a09707bfe3e3939c9d46700948133bf829357c3c46795055c9376",
                "sha256:bad77cf498362590ef3a30bc9e769f4fe4399d853861a1ddbefeea8cbf39906c",
                "sha256:c36e4d44d34eaa503776a8fb57ba1305e680e178458c050c2fd8de67604fa209",
                "sha256:d76a8ec22adf0323d362dac8c900b2c66e06eab984ecf04ef072866d8ab6c538",
                "sha256:e8be4f6da608930c0d565240bfbe04fc6f5764d6a9214b02c6231cd5e223591d",
                "sha256:f66c63f357ac31c913f4917f55348ce99c639031567c3284f01dff605da58264"
            ],
            "index": "pypi",
            "version": "==1.0.0"
        },
        "psycopg2-binary": {
            "hashes": [
                "sha256:040234f8a4a8dfd692662a8308d78f63f31a97e1c42d2480e5e6810c48966a29",
                "sha256:086f7e89ec85a6704db51f68f0dcae432eff9300809723a6e8782c41c2f48e03",
                "sha256:18ca813fdb17bc1db73fe61b196b05dd1ca2165b884dd5ec5568877cabf9b039",
                "sha256:19dc39616850342a2a6db70559af55b22955f86667b5f652f40c0e99253d9881",
                "sha256:2166e770cb98f02ed5ee2b0b569d40db26788e0bf2ec3ae1a0d864ea6f1d8309",
                "sha256:3a2522b1d9178575acee4adf8fd9f979f9c0449b00b4164bb63c3475ea6528ed",
                "sha256:3aa773580f85a28ffdf6f862e59cb5a3cc7ef6885121f2de3fca8d6ada4dbf3b",
                "sha256:3b5deaa3ee7180585a296af33e14c9b18c218d148e735c7accf78130765a47e3",
                "sha256:407af6d7e46593415f216c7f56ba087a9a42bd6dc2ecb86028760aa45b802bd7",
                "sha256:4c3c09fb674401f630626310bcaf6cd6285daf0d5e4c26d6e55ca26a2734e39b",
                "sha256:4c6717962247445b4f9e21c962ea61d2e884fc17df5ddf5e35863b016f8a1f03",
                "sha256:50446fae5681fc99f87e505d4e77c9407e683ab60c555ec302f9ac9bffa61103",
                "sha256:5057669b6a66aa9ca118a2a860159f0ee3acf837eda937bdd2a64f3431361a2d",
                "sha256:5dd90c5438b4f935c9d01fcbad3620253da89d19c1f5fca9158646407ed7df35",
                "sha256:659c815b5b8e2a55193ede2795c1e2349b8011497310bb936da7d4745652823b",
                "sha256:69b13fdf12878b10dc6003acc8d0abf3ad93e79813fd5f3812497c1c9fb9be49",
                "sha256:7a1cb80e35e1ccea3e11a48afe65d38744a0e0bde88795cc56a4d05b6e4f9d70",
                "sha256:7e6e3c52e6732c219c07bd97fff6c088f8df4dae3b79752ee3a817e6f32e177e",
                "sha256:7f42a8490c4fe854325504ce7a6e4796b207960dabb2cbafe3c3959cb00d1d7e",
                "sha256:84156313f258eafff716b2961644a4483a9be44a5d43551d554844d15d4d224e",
                "sha256:8578d6b8192e4c805e85f187bc530d0f52ba86c39172e61cd51f68fddd648103",
                "sha256:890167d5091279a27e2505ff0e1fb273f8c48c41d35c5b92adbf4af80e6b2ed6",
                "sha256:98e10634792ac0e9e7a92a76b4991b44c2325d3e7798270a808407355e7bb0a1",
                "sha256:9aadff9032e967865f9778485571e93908d27dab21d0fdfdec0ca779bb6f8ad9",
                "sha256:9f24f383a298a0c0f9b3113b982e21751a8ecde6615494a3f1470eb4a9d70e9e",
                "sha256:a73021b44813b5c84eda4a3af5826dd72356a900bac9bd9dd1f0f81ee1c22c2f",
                "sha256:afd96845e12638d2c44d213d4810a08f4dc4a563f9a98204b7428e567014b1cd",
                "sha256:b73ddf033d8cd4cc9dfed6324b1ad2a89ba52c410ef6877998422fcb9c23e3a8",
                "sha256:b8f490f5fad1767a1331df1259763b3bad7d7af12a75b950c2843ba319b2415f",
                "sha256:dbc5cd56fff1a6152ca59445178652756f4e509f672e49ccdf3d79c1043113a4",
                "sha256:eac8a3499754790187bb00574ab980df13e754777d346f85e0ff6df929bcd964",
                "sha256:eaed1c65f461a959284649e37b5051224f4db6ebdc84e40b5e65f2986f101a08"
            ],
            "index": "pypi",
            "version": "==2.8.4"
        },
        "python-dateutil": {
            "hashes": [
                "sha256:73ebfe9dbf22e832286dafa60473e4cd239f8592f699aa5adaf10050e6e1823c",
                "sha256:75bb3f31ea686f1197762692a9ee6a7550b59fc6ca3a1f4b5d7e32fb98e2da2a"
            ],
            "version": "==2.8.1"
        },
        "python-stdnum": {
            "hashes": [
                "sha256:120f83d33fb8b8be1b282f20dd755a892d5facf84f54fa21f75bbd2633128160",
                "sha256:3d5d4430579cba88211d3ba4855a16faff235352a25a01d6ab70024686a75823"
            ],
            "version": "==1.13"
        },
        "pytz": {
            "hashes": [
                "sha256:1c557d7d0e871de1f5ccd5833f60fb2550652da6be2693c1e02300743d21500d",
                "sha256:b02c06db6cf09c12dd25137e563b31700d3b80fcc4ad23abb7a315f2789819be"
            ],
            "index": "pypi",
            "version": "==2019.3"
        },
        "requests": {
            "hashes": [
                "sha256:11e007a8a2aa0323f5a921e9e6a2d7e4e67d9877e85773fba9ba6419025cbeb4",
                "sha256:9cf5292fcd0f598c671cfc1e0d7d1a7f13bb8085e9a590f48c010551dc6c4b31"
            ],
            "index": "pypi",
            "version": "==2.22.0"
        },
        "s3fs": {
            "hashes": [
                "sha256:19cb59b9479f32a5ed6e20e249ed655a03f8329935a2b5329f99b5a07d564220",
                "sha256:504a41ecb9edf0bd7798847b61839954e50508c5235ec7ee48c539ce46b4fa18"
            ],
            "index": "pypi",
            "version": "==0.4.0"
        },
        "s3transfer": {
            "hashes": [
                "sha256:2525bae2a530195576da53671bae8ca8c55ee8e33bc2225a65e804476611ea5a",
                "sha256:4924e10451cc37901945806423d16c2c2040a6530645a614ed87e995ccec764c"
            ],
            "version": "==0.3.2"
        },
        "selenium": {
            "hashes": [
                "sha256:2d7131d7bc5a5b99a2d9b04aaf2612c411b03b8ca1b1ee8d3de5845a9be2cb3c",
                "sha256:deaf32b60ad91a4611b98d8002757f29e6f2c2d5fcaf202e1c9ad06d6772300d"
            ],
            "index": "pypi",
            "version": "==3.141.0"
        },
        "six": {
            "hashes": [
                "sha256:236bdbdce46e6e6a3d61a337c0f8b763ca1e8717c03b369e87a7ec7ce1319c0a",
                "sha256:8f3cd2e254d8f793e7f3d6d9df77b92252b52637291d0f0da013c76ea2724b6c"
            ],
            "version": "==1.14.0"
        },
        "smart-open": {
            "hashes": [
                "sha256:e64c2b5e62a452fa7fc4d21aecbada826ca21097bbe117841f8f4fc53dbab676"
            ],
            "index": "pypi",
            "version": "==1.9.0"
        },
        "sqlparse": {
            "hashes": [
                "sha256:40afe6b8d4b1117e7dff5504d7a8ce07d9a1b15aeeade8a2d10f130a834f8177",
                "sha256:7c3dca29c022744e95b547e867cee89f4fce4373f3549ccd8797d8eb52cdb873"
            ],
            "version": "==0.3.0"
        },
        "tzlocal": {
            "hashes": [
                "sha256:11c9f16e0a633b4b60e1eede97d8a46340d042e67b670b290ca526576e039048",
                "sha256:949b9dd5ba4be17190a80c0268167d7e6c92c62b30026cf9764caf3e308e5590"
            ],
            "version": "==2.0.0"
        },
        "urllib3": {
            "hashes": [
                "sha256:2f3db8b19923a873b3e5256dc9c2dedfa883e33d87c690d9c7913e1f40673cdc",
                "sha256:87716c2d2a7121198ebcb7ce7cccf6ce5e9ba539041cfbaeecfb641dc0bf6acc"
            ],
            "version": "==1.25.8"
        },
        "whitenoise": {
            "hashes": [
                "sha256:0f9137f74bd95fa54329ace88d8dc695fbe895369a632e35f7a136e003e41d73",
                "sha256:62556265ec1011bd87113fb81b7516f52688887b7a010ee899ff1fd18fd22700"
            ],
            "index": "pypi",
            "version": "==5.0.1"
        }
    },
    "develop": {
        "asgiref": {
            "hashes": [
                "sha256:7e06d934a7718bf3975acbf87780ba678957b87c7adc056f13b6215d610695a0",
                "sha256:ea448f92fc35a0ef4b1508f53a04c4670255a3f33d22a81c8fc9c872036adbe5"
            ],
            "version": "==3.2.3"
        },
        "attrs": {
            "hashes": [
                "sha256:08a96c641c3a74e44eb59afb61a24f2cb9f4d7188748e76ba4bb5edfa3cb7d1c",
                "sha256:f7b7ce16570fe9965acd6d30101a28f62fb4a7f9e926b3bbc9b61f8b04247e72"
            ],
            "version": "==19.3.0"
        },
        "django": {
            "hashes": [
                "sha256:4f2c913303be4f874015993420bf0bd8fd2097a9c88e6b49c6a92f9bdd3fb13a",
                "sha256:8c3575f81e11390893860d97e1e0154c47512f180ea55bd84ce8fa69ba8051ca"
            ],
            "index": "pypi",
            "version": "==3.0.2"
        },
        "django-stubs": {
            "hashes": [
                "sha256:9a1bd302c42b1132e1537ba2315b94de01e673a1926ac2b3e1523ed7b81411c8",
                "sha256:a84860e02d5ada1a96e4c6f6800be4729ea3df354ff1156f0616db647dc2fe9e"
            ],
            "index": "pypi",
            "version": "==1.4.0"
        },
        "importlib-metadata": {
            "hashes": [
                "sha256:06f5b3a99029c7134207dd882428a66992a9de2bef7c2b699b5641f9886c3302",
                "sha256:b97607a1a18a5100839aec1dc26a1ea17ee0d93b20b0f008d80a5a050afb200b"
            ],
            "markers": "python_version < '3.8'",
            "version": "==1.5.0"
        },
        "more-itertools": {
            "hashes": [
                "sha256:5dd8bcf33e5f9513ffa06d5ad33d78f31e1931ac9a18f33d37e77a180d393a7c",
                "sha256:b1ddb932186d8a6ac451e1d95844b382f55e12686d51ca0c68b6f61f2ab7a507"
            ],
            "version": "==8.2.0"
        },
        "mypy": {
            "hashes": [
                "sha256:0a9a45157e532da06fe56adcfef8a74629566b607fa2c1ac0122d1ff995c748a",
                "sha256:2c35cae79ceb20d47facfad51f952df16c2ae9f45db6cb38405a3da1cf8fc0a7",
                "sha256:4b9365ade157794cef9685791032521233729cb00ce76b0ddc78749abea463d2",
                "sha256:53ea810ae3f83f9c9b452582261ea859828a9ed666f2e1ca840300b69322c474",
                "sha256:634aef60b4ff0f650d3e59d4374626ca6153fcaff96ec075b215b568e6ee3cb0",
                "sha256:7e396ce53cacd5596ff6d191b47ab0ea18f8e0ec04e15d69728d530e86d4c217",
                "sha256:7eadc91af8270455e0d73565b8964da1642fe226665dd5c9560067cd64d56749",
                "sha256:7f672d02fffcbace4db2b05369142e0506cdcde20cea0e07c7c2171c4fd11dd6",
                "sha256:85baab8d74ec601e86134afe2bcccd87820f79d2f8d5798c889507d1088287bf",
                "sha256:87c556fb85d709dacd4b4cb6167eecc5bbb4f0a9864b69136a0d4640fdc76a36",
                "sha256:a6bd44efee4dc8c3324c13785a9dc3519b3ee3a92cada42d2b57762b7053b49b",
                "sha256:c6d27bd20c3ba60d5b02f20bd28e20091d6286a699174dfad515636cb09b5a72",
                "sha256:e2bb577d10d09a2d8822a042a23b8d62bc3b269667c9eb8e60a6edfa000211b1",
                "sha256:f97a605d7c8bc2c6d1172c2f0d5a65b24142e11a58de689046e62c2d632ca8c1"
            ],
            "index": "pypi",
            "version": "==0.761"
        },
        "mypy-extensions": {
            "hashes": [
                "sha256:090fedd75945a69ae91ce1303b5824f428daf5a028d2f6ab8a299250a846f15d",
                "sha256:2d82818f5bb3e369420cb3c4060a7970edba416647068eb4c5343488a6c604a8"
            ],
            "version": "==0.4.3"
        },
        "packaging": {
            "hashes": [
                "sha256:170748228214b70b672c581a3dd610ee51f733018650740e98c7df862a583f73",
                "sha256:e665345f9eef0c621aa0bf2f8d78cf6d21904eef16a93f020240b704a57f1334"
            ],
            "version": "==20.1"
        },
        "pluggy": {
            "hashes": [
                "sha256:15b2acde666561e1298d71b523007ed7364de07029219b604cf808bfa1c765b0",
                "sha256:966c145cd83c96502c3c3868f50408687b38434af77734af1e9ca461a4081d2d"
            ],
            "version": "==0.13.1"
        },
        "py": {
            "hashes": [
                "sha256:5e27081401262157467ad6e7f851b7aa402c5852dbcb3dae06768434de5752aa",
                "sha256:c20fdd83a5dbc0af9efd622bee9a5564e278f6380fffcacc43ba6f43db2813b0"
            ],
            "version": "==1.8.1"
        },
        "pyparsing": {
            "hashes": [
                "sha256:4c830582a84fb022400b85429791bc551f1f4871c33f23e44f353119e92f969f",
                "sha256:c342dccb5250c08d45fd6f8b4a559613ca603b57498511740e65cd11a2e7dcec"
            ],
            "version": "==2.4.6"
        },
        "pytest": {
            "hashes": [
                "sha256:0d5fe9189a148acc3c3eb2ac8e1ac0742cb7618c084f3d228baaec0c254b318d",
                "sha256:ff615c761e25eb25df19edddc0b970302d2a9091fbce0e7213298d85fb61fef6"
            ],
            "index": "pypi",
            "version": "==5.3.5"
        },
        "pytest-django": {
            "hashes": [
                "sha256:456fa6854d04ee625d6bbb8b38ca2259e7040a6f93333bfe8bc8159b7e987203",
                "sha256:489b904f695f9fb880ce591cf5a4979880afb467763b1f180c07574554bdfd26"
            ],
            "index": "pypi",
            "version": "==3.8.0"
        },
        "pytz": {
            "hashes": [
                "sha256:1c557d7d0e871de1f5ccd5833f60fb2550652da6be2693c1e02300743d21500d",
                "sha256:b02c06db6cf09c12dd25137e563b31700d3b80fcc4ad23abb7a315f2789819be"
            ],
            "index": "pypi",
            "version": "==2019.3"
        },
        "six": {
            "hashes": [
                "sha256:236bdbdce46e6e6a3d61a337c0f8b763ca1e8717c03b369e87a7ec7ce1319c0a",
                "sha256:8f3cd2e254d8f793e7f3d6d9df77b92252b52637291d0f0da013c76ea2724b6c"
            ],
            "version": "==1.14.0"
        },
        "sqlparse": {
            "hashes": [
                "sha256:40afe6b8d4b1117e7dff5504d7a8ce07d9a1b15aeeade8a2d10f130a834f8177",
                "sha256:7c3dca29c022744e95b547e867cee89f4fce4373f3549ccd8797d8eb52cdb873"
            ],
            "version": "==0.3.0"
        },
        "typed-ast": {
            "hashes": [
                "sha256:0666aa36131496aed8f7be0410ff974562ab7eeac11ef351def9ea6fa28f6355",
                "sha256:0c2c07682d61a629b68433afb159376e24e5b2fd4641d35424e462169c0a7919",
                "sha256:249862707802d40f7f29f6e1aad8d84b5aa9e44552d2cc17384b209f091276aa",
                "sha256:24995c843eb0ad11a4527b026b4dde3da70e1f2d8806c99b7b4a7cf491612652",
                "sha256:269151951236b0f9a6f04015a9004084a5ab0d5f19b57de779f908621e7d8b75",
                "sha256:4083861b0aa07990b619bd7ddc365eb7fa4b817e99cf5f8d9cf21a42780f6e01",
                "sha256:498b0f36cc7054c1fead3d7fc59d2150f4d5c6c56ba7fb150c013fbc683a8d2d",
                "sha256:4e3e5da80ccbebfff202a67bf900d081906c358ccc3d5e3c8aea42fdfdfd51c1",
                "sha256:6daac9731f172c2a22ade6ed0c00197ee7cc1221aa84cfdf9c31defeb059a907",
                "sha256:715ff2f2df46121071622063fc7543d9b1fd19ebfc4f5c8895af64a77a8c852c",
                "sha256:73d785a950fc82dd2a25897d525d003f6378d1cb23ab305578394694202a58c3",
                "sha256:8c8aaad94455178e3187ab22c8b01a3837f8ee50e09cf31f1ba129eb293ec30b",
                "sha256:8ce678dbaf790dbdb3eba24056d5364fb45944f33553dd5869b7580cdbb83614",
                "sha256:aaee9905aee35ba5905cfb3c62f3e83b3bec7b39413f0a7f19be4e547ea01ebb",
                "sha256:bcd3b13b56ea479b3650b82cabd6b5343a625b0ced5429e4ccad28a8973f301b",
                "sha256:c9e348e02e4d2b4a8b2eedb48210430658df6951fa484e59de33ff773fbd4b41",
                "sha256:d205b1b46085271b4e15f670058ce182bd1199e56b317bf2ec004b6a44f911f6",
                "sha256:d43943ef777f9a1c42bf4e552ba23ac77a6351de620aa9acf64ad54933ad4d34",
                "sha256:d5d33e9e7af3b34a40dc05f498939f0ebf187f07c385fd58d591c533ad8562fe",
                "sha256:fc0fea399acb12edbf8a628ba8d2312f583bdbdb3335635db062fa98cf71fca4",
                "sha256:fe460b922ec15dd205595c9b5b99e2f056fd98ae8f9f56b888e7a17dc2b757e7"
            ],
            "version": "==1.4.1"
        },
        "typing-extensions": {
            "hashes": [
                "sha256:091ecc894d5e908ac75209f10d5b4f118fbdb2eb1ede6a63544054bb1edb41f2",
                "sha256:910f4656f54de5993ad9304959ce9bb903f90aadc7c67a0bef07e678014e892d",
                "sha256:cf8b63fedea4d89bab840ecbb93e75578af28f76f66c35889bd7065f5af88575"
            ],
            "version": "==3.7.4.1"
        },
        "wcwidth": {
            "hashes": [
                "sha256:8fd29383f539be45b20bd4df0dc29c20ba48654a41e661925e612311e9f3c603",
                "sha256:f28b3e8a6483e5d49e7f8949ac1a78314e740333ae305b4ba5defd3e74fb37a8"
            ],
            "version": "==0.1.8"
        },
        "zipp": {
            "hashes": [
                "sha256:ccc94ed0909b58ffe34430ea5451f07bc0c76467d7081619a454bf5c98b89e28",
                "sha256:feae2f18633c32fc71f2de629bfb3bd3c9325cd4419642b1f1da42ee488d9b98"
            ],
            "version": "==2.1.0"
        }
    }
}
